
Microsoft Visual Studio Solution File, Format Version 12.00
# Visual Studio 15
VisualStudioVersion = 15.0.27703.2047
MinimumVisualStudioVersion = 10.0.40219.1
Project("{FAE04EC0-301F-11D3-BF4B-00C04F79EFBC}") = "Market.Android", "Market\Market.Android\Market.Android.csproj", "{E11398BC-B7B0-447E-9F4D-738EECF0D6F1}"
EndProject
Project("{FAE04EC0-301F-11D3-BF4B-00C04F79EFBC}") = "Market.iOS", "Market\Market.iOS\Market.iOS.csproj", "{4AA886D8-13C4-4C6B-9F17-478B9C7543E0}"
EndProject
Project("{FAE04EC0-301F-11D3-BF4B-00C04F79EFBC}") = "Market.UWP", "Market\Market.UWP\Market.UWP.csproj", "{58757296-CAE2-45DF-AD0A-247ABE2ABC30}"
EndProject
Project("{FAE04EC0-301F-11D3-BF4B-00C04F79EFBC}") = "Market", "Market\Market\Market.csproj", "{F51427EB-535F-4D3B-BA6F-D1C75F08AEDD}"
EndProject
Project("{FAE04EC0-301F-11D3-BF4B-00C04F79EFBC}") = "Market.Backend", "Market.Backend\Market.Backend.csproj", "{BB97C809-1FAF-4379-9CC6-3E2B42E257BF}"
EndProject
Project("{FAE04EC0-301F-11D3-BF4B-00C04F79EFBC}") = "Market.Api", "Market.Api\Market.Api.csproj", "{44CFA755-B695-4470-B0F9-F1DC0EBC31BB}"
EndProject
Project("{FAE04EC0-301F-11D3-BF4B-00C04F79EFBC}") = "Market.Domain", "Market.Domain\Market.Domain.csproj", "{F3C2C03C-CC56-42FD-BD3E-B705BC5C3AE5}"
EndProject
Project("{FAE04EC0-301F-11D3-BF4B-00C04F79EFBC}") = "Market.Common", "Market.Common\Market.Common.csproj", "{E9051492-9282-46ED-838E-0E3604D56A42}"
EndProject
Global
	GlobalSection(SolutionConfigurationPlatforms) = preSolution
		Ad-Hoc|Any CPU = Ad-Hoc|Any CPU
		Ad-Hoc|ARM = Ad-Hoc|ARM
		Ad-Hoc|iPhone = Ad-Hoc|iPhone
		Ad-Hoc|iPhoneSimulator = Ad-Hoc|iPhoneSimulator
		Ad-Hoc|x64 = Ad-Hoc|x64
		Ad-Hoc|x86 = Ad-Hoc|x86
		AppStore|Any CPU = AppStore|Any CPU
		AppStore|ARM = AppStore|ARM
		AppStore|iPhone = AppStore|iPhone
		AppStore|iPhoneSimulator = AppStore|iPhoneSimulator
		AppStore|x64 = AppStore|x64
		AppStore|x86 = AppStore|x86
		Debug|Any CPU = Debug|Any CPU
		Debug|ARM = Debug|ARM
		Debug|iPhone = Debug|iPhone
		Debug|iPhoneSimulator = Debug|iPhoneSimulator
		Debug|x64 = Debug|x64
		Debug|x86 = Debug|x86
		Release|Any CPU = Release|Any CPU
		Release|ARM = Release|ARM
		Release|iPhone = Release|iPhone
		Release|iPhoneSimulator = Release|iPhoneSimulator
		Release|x64 = Release|x64
		Release|x86 = Release|x86
	EndGlobalSection
	GlobalSection(ProjectConfigurationPlatforms) = postSolution
		{E11398BC-B7B0-447E-9F4D-738EECF0D6F1}.Ad-Hoc|Any CPU.ActiveCfg = Release|Any CPU
		{E11398BC-B7B0-447E-9F4D-738EECF0D6F1}.Ad-Hoc|Any CPU.Build.0 = Release|Any CPU
		{E11398BC-B7B0-447E-9F4D-738EECF0D6F1}.Ad-Hoc|Any CPU.Deploy.0 = Release|Any CPU
		{E11398BC-B7B0-447E-9F4D-738EECF0D6F1}.Ad-Hoc|ARM.ActiveCfg = Release|Any CPU
		{E11398BC-B7B0-447E-9F4D-738EECF0D6F1}.Ad-Hoc|ARM.Build.0 = Release|Any CPU
		{E11398BC-B7B0-447E-9F4D-738EECF0D6F1}.Ad-Hoc|ARM.Deploy.0 = Release|Any CPU
		{E11398BC-B7B0-447E-9F4D-738EECF0D6F1}.Ad-Hoc|iPhone.ActiveCfg = Release|Any CPU
		{E11398BC-B7B0-447E-9F4D-738EECF0D6F1}.Ad-Hoc|iPhone.Build.0 = Release|Any CPU
		{E11398BC-B7B0-447E-9F4D-738EECF0D6F1}.Ad-Hoc|iPhone.Deploy.0 = Release|Any CPU
		{E11398BC-B7B0-447E-9F4D-738EECF0D6F1}.Ad-Hoc|iPhoneSimulator.ActiveCfg = Release|Any CPU
		{E11398BC-B7B0-447E-9F4D-738EECF0D6F1}.Ad-Hoc|iPhoneSimulator.Build.0 = Release|Any CPU
		{E11398BC-B7B0-447E-9F4D-738EECF0D6F1}.Ad-Hoc|iPhoneSimulator.Deploy.0 = Release|Any CPU
		{E11398BC-B7B0-447E-9F4D-738EECF0D6F1}.Ad-Hoc|x64.ActiveCfg = Release|Any CPU
		{E11398BC-B7B0-447E-9F4D-738EECF0D6F1}.Ad-Hoc|x64.Build.0 = Release|Any CPU
		{E11398BC-B7B0-447E-9F4D-738EECF0D6F1}.Ad-Hoc|x64.Deploy.0 = Release|Any CPU
		{E11398BC-B7B0-447E-9F4D-738EECF0D6F1}.Ad-Hoc|x86.ActiveCfg = Release|Any CPU
		{E11398BC-B7B0-447E-9F4D-738EECF0D6F1}.Ad-Hoc|x86.Build.0 = Release|Any CPU
		{E11398BC-B7B0-447E-9F4D-738EECF0D6F1}.Ad-Hoc|x86.Deploy.0 = Release|Any CPU
		{E11398BC-B7B0-447E-9F4D-738EECF0D6F1}.AppStore|Any CPU.ActiveCfg = Release|Any CPU
		{E11398BC-B7B0-447E-9F4D-738EECF0D6F1}.AppStore|Any CPU.Build.0 = Release|Any CPU
		{E11398BC-B7B0-447E-9F4D-738EECF0D6F1}.AppStore|Any CPU.Deploy.0 = Release|Any CPU
		{E11398BC-B7B0-447E-9F4D-738EECF0D6F1}.AppStore|ARM.ActiveCfg = Release|Any CPU
		{E11398BC-B7B0-447E-9F4D-738EECF0D6F1}.AppStore|ARM.Build.0 = Release|Any CPU
		{E11398BC-B7B0-447E-9F4D-738EECF0D6F1}.AppStore|ARM.Deploy.0 = Release|Any CPU
		{E11398BC-B7B0-447E-9F4D-738EECF0D6F1}.AppStore|iPhone.ActiveCfg = Release|Any CPU
		{E11398BC-B7B0-447E-9F4D-738EECF0D6F1}.AppStore|iPhone.Build.0 = Release|Any CPU
		{E11398BC-B7B0-447E-9F4D-738EECF0D6F1}.AppStore|iPhone.Deploy.0 = Release|Any CPU
		{E11398BC-B7B0-447E-9F4D-738EECF0D6F1}.AppStore|iPhoneSimulator.ActiveCfg = Release|Any CPU
		{E11398BC-B7B0-447E-9F4D-738EECF0D6F1}.AppStore|iPhoneSimulator.Build.0 = Release|Any CPU
		{E11398BC-B7B0-447E-9F4D-738EECF0D6F1}.AppStore|iPhoneSimulator.Deploy.0 = Release|Any CPU
		{E11398BC-B7B0-447E-9F4D-738EECF0D6F1}.AppStore|x64.ActiveCfg = Release|Any CPU
		{E11398BC-B7B0-447E-9F4D-738EECF0D6F1}.AppStore|x64.Build.0 = Release|Any CPU
		{E11398BC-B7B0-447E-9F4D-738EECF0D6F1}.AppStore|x64.Deploy.0 = Release|Any CPU
		{E11398BC-B7B0-447E-9F4D-738EECF0D6F1}.AppStore|x86.ActiveCfg = Release|Any CPU
		{E11398BC-B7B0-447E-9F4D-738EECF0D6F1}.AppStore|x86.Build.0 = Release|Any CPU
		{E11398BC-B7B0-447E-9F4D-738EECF0D6F1}.AppStore|x86.Deploy.0 = Release|Any CPU
		{E11398BC-B7B0-447E-9F4D-738EECF0D6F1}.Debug|Any CPU.ActiveCfg = Debug|Any CPU
		{E11398BC-B7B0-447E-9F4D-738EECF0D6F1}.Debug|Any CPU.Build.0 = Debug|Any CPU
		{E11398BC-B7B0-447E-9F4D-738EECF0D6F1}.Debug|Any CPU.Deploy.0 = Debug|Any CPU
		{E11398BC-B7B0-447E-9F4D-738EECF0D6F1}.Debug|ARM.ActiveCfg = Debug|Any CPU
		{E11398BC-B7B0-447E-9F4D-738EECF0D6F1}.Debug|ARM.Build.0 = Debug|Any CPU
		{E11398BC-B7B0-447E-9F4D-738EECF0D6F1}.Debug|ARM.Deploy.0 = Debug|Any CPU
		{E11398BC-B7B0-447E-9F4D-738EECF0D6F1}.Debug|iPhone.ActiveCfg = Debug|Any CPU
		{E11398BC-B7B0-447E-9F4D-738EECF0D6F1}.Debug|iPhone.Build.0 = Debug|Any CPU
		{E11398BC-B7B0-447E-9F4D-738EECF0D6F1}.Debug|iPhone.Deploy.0 = Debug|Any CPU
		{E11398BC-B7B0-447E-9F4D-738EECF0D6F1}.Debug|iPhoneSimulator.ActiveCfg = Debug|Any CPU
		{E11398BC-B7B0-447E-9F4D-738EECF0D6F1}.Debug|iPhoneSimulator.Build.0 = Debug|Any CPU
		{E11398BC-B7B0-447E-9F4D-738EECF0D6F1}.Debug|iPhoneSimulator.Deploy.0 = Debug|Any CPU
		{E11398BC-B7B0-447E-9F4D-738EECF0D6F1}.Debug|x64.ActiveCfg = Debug|Any CPU
		{E11398BC-B7B0-447E-9F4D-738EECF0D6F1}.Debug|x64.Build.0 = Debug|Any CPU
		{E11398BC-B7B0-447E-9F4D-738EECF0D6F1}.Debug|x64.Deploy.0 = Debug|Any CPU
		{E11398BC-B7B0-447E-9F4D-738EECF0D6F1}.Debug|x86.ActiveCfg = Debug|Any CPU
		{E11398BC-B7B0-447E-9F4D-738EECF0D6F1}.Debug|x86.Build.0 = Debug|Any CPU
		{E11398BC-B7B0-447E-9F4D-738EECF0D6F1}.Debug|x86.Deploy.0 = Debug|Any CPU
		{E11398BC-B7B0-447E-9F4D-738EECF0D6F1}.Release|Any CPU.ActiveCfg = Release|Any CPU
		{E11398BC-B7B0-447E-9F4D-738EECF0D6F1}.Release|Any CPU.Build.0 = Release|Any CPU
		{E11398BC-B7B0-447E-9F4D-738EECF0D6F1}.Release|Any CPU.Deploy.0 = Release|Any CPU
		{E11398BC-B7B0-447E-9F4D-738EECF0D6F1}.Release|ARM.ActiveCfg = Release|Any CPU
		{E11398BC-B7B0-447E-9F4D-738EECF0D6F1}.Release|ARM.Build.0 = Release|Any CPU
		{E11398BC-B7B0-447E-9F4D-738EECF0D6F1}.Release|ARM.Deploy.0 = Release|Any CPU
		{E11398BC-B7B0-447E-9F4D-738EECF0D6F1}.Release|iPhone.ActiveCfg = Release|Any CPU
		{E11398BC-B7B0-447E-9F4D-738EECF0D6F1}.Release|iPhone.Build.0 = Release|Any CPU
		{E11398BC-B7B0-447E-9F4D-738EECF0D6F1}.Release|iPhone.Deploy.0 = Release|Any CPU
		{E11398BC-B7B0-447E-9F4D-738EECF0D6F1}.Release|iPhoneSimulator.ActiveCfg = Release|Any CPU
		{E11398BC-B7B0-447E-9F4D-738EECF0D6F1}.Release|iPhoneSimulator.Build.0 = Release|Any CPU
		{E11398BC-B7B0-447E-9F4D-738EECF0D6F1}.Release|iPhoneSimulator.Deploy.0 = Release|Any CPU
		{E11398BC-B7B0-447E-9F4D-738EECF0D6F1}.Release|x64.ActiveCfg = Release|Any CPU
		{E11398BC-B7B0-447E-9F4D-738EECF0D6F1}.Release|x64.Build.0 = Release|Any CPU
		{E11398BC-B7B0-447E-9F4D-738EECF0D6F1}.Release|x64.Deploy.0 = Release|Any CPU
		{E11398BC-B7B0-447E-9F4D-738EECF0D6F1}.Release|x86.ActiveCfg = Release|Any CPU
		{E11398BC-B7B0-447E-9F4D-738EECF0D6F1}.Release|x86.Build.0 = Release|Any CPU
		{E11398BC-B7B0-447E-9F4D-738EECF0D6F1}.Release|x86.Deploy.0 = Release|Any CPU
		{4AA886D8-13C4-4C6B-9F17-478B9C7543E0}.Ad-Hoc|Any CPU.ActiveCfg = Ad-Hoc|iPhone
		{4AA886D8-13C4-4C6B-9F17-478B9C7543E0}.Ad-Hoc|Any CPU.Build.0 = Ad-Hoc|iPhone
		{4AA886D8-13C4-4C6B-9F17-478B9C7543E0}.Ad-Hoc|Any CPU.Deploy.0 = Ad-Hoc|iPhone
		{4AA886D8-13C4-4C6B-9F17-478B9C7543E0}.Ad-Hoc|ARM.ActiveCfg = Ad-Hoc|iPhone
		{4AA886D8-13C4-4C6B-9F17-478B9C7543E0}.Ad-Hoc|ARM.Build.0 = Ad-Hoc|iPhone
		{4AA886D8-13C4-4C6B-9F17-478B9C7543E0}.Ad-Hoc|ARM.Deploy.0 = Ad-Hoc|iPhone
		{4AA886D8-13C4-4C6B-9F17-478B9C7543E0}.Ad-Hoc|iPhone.ActiveCfg = Ad-Hoc|iPhone
		{4AA886D8-13C4-4C6B-9F17-478B9C7543E0}.Ad-Hoc|iPhone.Build.0 = Ad-Hoc|iPhone
		{4AA886D8-13C4-4C6B-9F17-478B9C7543E0}.Ad-Hoc|iPhone.Deploy.0 = Ad-Hoc|iPhone
		{4AA886D8-13C4-4C6B-9F17-478B9C7543E0}.Ad-Hoc|iPhoneSimulator.ActiveCfg = Ad-Hoc|iPhoneSimulator
		{4AA886D8-13C4-4C6B-9F17-478B9C7543E0}.Ad-Hoc|iPhoneSimulator.Build.0 = Ad-Hoc|iPhoneSimulator
		{4AA886D8-13C4-4C6B-9F17-478B9C7543E0}.Ad-Hoc|iPhoneSimulator.Deploy.0 = Ad-Hoc|iPhoneSimulator
		{4AA886D8-13C4-4C6B-9F17-478B9C7543E0}.Ad-Hoc|x64.ActiveCfg = Ad-Hoc|iPhone
		{4AA886D8-13C4-4C6B-9F17-478B9C7543E0}.Ad-Hoc|x64.Build.0 = Ad-Hoc|iPhone
		{4AA886D8-13C4-4C6B-9F17-478B9C7543E0}.Ad-Hoc|x64.Deploy.0 = Ad-Hoc|iPhone
		{4AA886D8-13C4-4C6B-9F17-478B9C7543E0}.Ad-Hoc|x86.ActiveCfg = Ad-Hoc|iPhone
		{4AA886D8-13C4-4C6B-9F17-478B9C7543E0}.Ad-Hoc|x86.Build.0 = Ad-Hoc|iPhone
		{4AA886D8-13C4-4C6B-9F17-478B9C7543E0}.Ad-Hoc|x86.Deploy.0 = Ad-Hoc|iPhone
		{4AA886D8-13C4-4C6B-9F17-478B9C7543E0}.AppStore|Any CPU.ActiveCfg = AppStore|iPhone
		{4AA886D8-13C4-4C6B-9F17-478B9C7543E0}.AppStore|Any CPU.Build.0 = AppStore|iPhone
		{4AA886D8-13C4-4C6B-9F17-478B9C7543E0}.AppStore|Any CPU.Deploy.0 = AppStore|iPhone
		{4AA886D8-13C4-4C6B-9F17-478B9C7543E0}.AppStore|ARM.ActiveCfg = AppStore|iPhone
		{4AA886D8-13C4-4C6B-9F17-478B9C7543E0}.AppStore|ARM.Build.0 = AppStore|iPhone
		{4AA886D8-13C4-4C6B-9F17-478B9C7543E0}.AppStore|ARM.Deploy.0 = AppStore|iPhone
		{4AA886D8-13C4-4C6B-9F17-478B9C7543E0}.AppStore|iPhone.ActiveCfg = AppStore|iPhone
		{4AA886D8-13C4-4C6B-9F17-478B9C7543E0}.AppStore|iPhone.Build.0 = AppStore|iPhone
		{4AA886D8-13C4-4C6B-9F17-478B9C7543E0}.AppStore|iPhone.Deploy.0 = AppStore|iPhone
		{4AA886D8-13C4-4C6B-9F17-478B9C7543E0}.AppStore|iPhoneSimulator.ActiveCfg = AppStore|iPhoneSimulator
		{4AA886D8-13C4-4C6B-9F17-478B9C7543E0}.AppStore|iPhoneSimulator.Build.0 = AppStore|iPhoneSimulator
		{4AA886D8-13C4-4C6B-9F17-478B9C7543E0}.AppStore|iPhoneSimulator.Deploy.0 = AppStore|iPhoneSimulator
		{4AA886D8-13C4-4C6B-9F17-478B9C7543E0}.AppStore|x64.ActiveCfg = AppStore|iPhone
		{4AA886D8-13C4-4C6B-9F17-478B9C7543E0}.AppStore|x64.Build.0 = AppStore|iPhone
		{4AA886D8-13C4-4C6B-9F17-478B9C7543E0}.AppStore|x64.Deploy.0 = AppStore|iPhone
		{4AA886D8-13C4-4C6B-9F17-478B9C7543E0}.AppStore|x86.ActiveCfg = AppStore|iPhone
		{4AA886D8-13C4-4C6B-9F17-478B9C7543E0}.AppStore|x86.Build.0 = AppStore|iPhone
		{4AA886D8-13C4-4C6B-9F17-478B9C7543E0}.AppStore|x86.Deploy.0 = AppStore|iPhone
		{4AA886D8-13C4-4C6B-9F17-478B9C7543E0}.Debug|Any CPU.ActiveCfg = Debug|iPhoneSimulator
		{4AA886D8-13C4-4C6B-9F17-478B9C7543E0}.Debug|Any CPU.Build.0 = Debug|iPhoneSimulator
		{4AA886D8-13C4-4C6B-9F17-478B9C7543E0}.Debug|Any CPU.Deploy.0 = Debug|iPhoneSimulator
		{4AA886D8-13C4-4C6B-9F17-478B9C7543E0}.Debug|ARM.ActiveCfg = Debug|iPhone
		{4AA886D8-13C4-4C6B-9F17-478B9C7543E0}.Debug|ARM.Build.0 = Debug|iPhone
		{4AA886D8-13C4-4C6B-9F17-478B9C7543E0}.Debug|ARM.Deploy.0 = Debug|iPhone
		{4AA886D8-13C4-4C6B-9F17-478B9C7543E0}.Debug|iPhone.ActiveCfg = Debug|iPhone
		{4AA886D8-13C4-4C6B-9F17-478B9C7543E0}.Debug|iPhone.Build.0 = Debug|iPhone
		{4AA886D8-13C4-4C6B-9F17-478B9C7543E0}.Debug|iPhone.Deploy.0 = Debug|iPhone
		{4AA886D8-13C4-4C6B-9F17-478B9C7543E0}.Debug|iPhoneSimulator.ActiveCfg = Debug|iPhoneSimulator
		{4AA886D8-13C4-4C6B-9F17-478B9C7543E0}.Debug|iPhoneSimulator.Build.0 = Debug|iPhoneSimulator
		{4AA886D8-13C4-4C6B-9F17-478B9C7543E0}.Debug|iPhoneSimulator.Deploy.0 = Debug|iPhoneSimulator
		{4AA886D8-13C4-4C6B-9F17-478B9C7543E0}.Debug|x64.ActiveCfg = Debug|iPhone
		{4AA886D8-13C4-4C6B-9F17-478B9C7543E0}.Debug|x64.Build.0 = Debug|iPhone
		{4AA886D8-13C4-4C6B-9F17-478B9C7543E0}.Debug|x64.Deploy.0 = Debug|iPhone
		{4AA886D8-13C4-4C6B-9F17-478B9C7543E0}.Debug|x86.ActiveCfg = Debug|iPhone
		{4AA886D8-13C4-4C6B-9F17-478B9C7543E0}.Debug|x86.Build.0 = Debug|iPhone
		{4AA886D8-13C4-4C6B-9F17-478B9C7543E0}.Debug|x86.Deploy.0 = Debug|iPhone
		{4AA886D8-13C4-4C6B-9F17-478B9C7543E0}.Release|Any CPU.ActiveCfg = Release|iPhone
		{4AA886D8-13C4-4C6B-9F17-478B9C7543E0}.Release|Any CPU.Build.0 = Release|iPhone
		{4AA886D8-13C4-4C6B-9F17-478B9C7543E0}.Release|Any CPU.Deploy.0 = Release|iPhone
		{4AA886D8-13C4-4C6B-9F17-478B9C7543E0}.Release|ARM.ActiveCfg = Release|iPhone
		{4AA886D8-13C4-4C6B-9F17-478B9C7543E0}.Release|ARM.Build.0 = Release|iPhone
		{4AA886D8-13C4-4C6B-9F17-478B9C7543E0}.Release|ARM.Deploy.0 = Release|iPhone
		{4AA886D8-13C4-4C6B-9F17-478B9C7543E0}.Release|iPhone.ActiveCfg = Release|iPhone
		{4AA886D8-13C4-4C6B-9F17-478B9C7543E0}.Release|iPhone.Build.0 = Release|iPhone
		{4AA886D8-13C4-4C6B-9F17-478B9C7543E0}.Release|iPhone.Deploy.0 = Release|iPhone
		{4AA886D8-13C4-4C6B-9F17-478B9C7543E0}.Release|iPhoneSimulator.ActiveCfg = Release|iPhoneSimulator
		{4AA886D8-13C4-4C6B-9F17-478B9C7543E0}.Release|iPhoneSimulator.Build.0 = Release|iPhoneSimulator
		{4AA886D8-13C4-4C6B-9F17-478B9C7543E0}.Release|iPhoneSimulator.Deploy.0 = Release|iPhoneSimulator
		{4AA886D8-13C4-4C6B-9F17-478B9C7543E0}.Release|x64.ActiveCfg = Release|iPhone
		{4AA886D8-13C4-4C6B-9F17-478B9C7543E0}.Release|x64.Build.0 = Release|iPhone
		{4AA886D8-13C4-4C6B-9F17-478B9C7543E0}.Release|x64.Deploy.0 = Release|iPhone
		{4AA886D8-13C4-4C6B-9F17-478B9C7543E0}.Release|x86.ActiveCfg = Release|iPhone
		{4AA886D8-13C4-4C6B-9F17-478B9C7543E0}.Release|x86.Build.0 = Release|iPhone
		{4AA886D8-13C4-4C6B-9F17-478B9C7543E0}.Release|x86.Deploy.0 = Release|iPhone
		{58757296-CAE2-45DF-AD0A-247ABE2ABC30}.Ad-Hoc|Any CPU.ActiveCfg = Release|x86
		{58757296-CAE2-45DF-AD0A-247ABE2ABC30}.Ad-Hoc|Any CPU.Build.0 = Release|x86
		{58757296-CAE2-45DF-AD0A-247ABE2ABC30}.Ad-Hoc|Any CPU.Deploy.0 = Release|x86
		{58757296-CAE2-45DF-AD0A-247ABE2ABC30}.Ad-Hoc|ARM.ActiveCfg = Release|ARM
		{58757296-CAE2-45DF-AD0A-247ABE2ABC30}.Ad-Hoc|ARM.Build.0 = Release|ARM
		{58757296-CAE2-45DF-AD0A-247ABE2ABC30}.Ad-Hoc|ARM.Deploy.0 = Release|ARM
		{58757296-CAE2-45DF-AD0A-247ABE2ABC30}.Ad-Hoc|iPhone.ActiveCfg = Release|x86
		{58757296-CAE2-45DF-AD0A-247ABE2ABC30}.Ad-Hoc|iPhone.Build.0 = Release|x86
		{58757296-CAE2-45DF-AD0A-247ABE2ABC30}.Ad-Hoc|iPhone.Deploy.0 = Release|x86
		{58757296-CAE2-45DF-AD0A-247ABE2ABC30}.Ad-Hoc|iPhoneSimulator.ActiveCfg = Release|x86
		{58757296-CAE2-45DF-AD0A-247ABE2ABC30}.Ad-Hoc|iPhoneSimulator.Build.0 = Release|x86
		{58757296-CAE2-45DF-AD0A-247ABE2ABC30}.Ad-Hoc|iPhoneSimulator.Deploy.0 = Release|x86
		{58757296-CAE2-45DF-AD0A-247ABE2ABC30}.Ad-Hoc|x64.ActiveCfg = Release|x64
		{58757296-CAE2-45DF-AD0A-247ABE2ABC30}.Ad-Hoc|x64.Build.0 = Release|x64
		{58757296-CAE2-45DF-AD0A-247ABE2ABC30}.Ad-Hoc|x64.Deploy.0 = Release|x64
		{58757296-CAE2-45DF-AD0A-247ABE2ABC30}.Ad-Hoc|x86.ActiveCfg = Release|x86
		{58757296-CAE2-45DF-AD0A-247ABE2ABC30}.Ad-Hoc|x86.Build.0 = Release|x86
		{58757296-CAE2-45DF-AD0A-247ABE2ABC30}.Ad-Hoc|x86.Deploy.0 = Release|x86
		{58757296-CAE2-45DF-AD0A-247ABE2ABC30}.AppStore|Any CPU.ActiveCfg = Release|x86
		{58757296-CAE2-45DF-AD0A-247ABE2ABC30}.AppStore|Any CPU.Build.0 = Release|x86
		{58757296-CAE2-45DF-AD0A-247ABE2ABC30}.AppStore|Any CPU.Deploy.0 = Release|x86
		{58757296-CAE2-45DF-AD0A-247ABE2ABC30}.AppStore|ARM.ActiveCfg = Release|ARM
		{58757296-CAE2-45DF-AD0A-247ABE2ABC30}.AppStore|ARM.Build.0 = Release|ARM
		{58757296-CAE2-45DF-AD0A-247ABE2ABC30}.AppStore|ARM.Deploy.0 = Release|ARM
		{58757296-CAE2-45DF-AD0A-247ABE2ABC30}.AppStore|iPhone.ActiveCfg = Release|x86
		{58757296-CAE2-45DF-AD0A-247ABE2ABC30}.AppStore|iPhone.Build.0 = Release|x86
		{58757296-CAE2-45DF-AD0A-247ABE2ABC30}.AppStore|iPhone.Deploy.0 = Release|x86
		{58757296-CAE2-45DF-AD0A-247ABE2ABC30}.AppStore|iPhoneSimulator.ActiveCfg = Release|x86
		{58757296-CAE2-45DF-AD0A-247ABE2ABC30}.AppStore|iPhoneSimulator.Build.0 = Release|x86
		{58757296-CAE2-45DF-AD0A-247ABE2ABC30}.AppStore|iPhoneSimulator.Deploy.0 = Release|x86
		{58757296-CAE2-45DF-AD0A-247ABE2ABC30}.AppStore|x64.ActiveCfg = Release|x64
		{58757296-CAE2-45DF-AD0A-247ABE2ABC30}.AppStore|x64.Build.0 = Release|x64
		{58757296-CAE2-45DF-AD0A-247ABE2ABC30}.AppStore|x64.Deploy.0 = Release|x64
		{58757296-CAE2-45DF-AD0A-247ABE2ABC30}.AppStore|x86.ActiveCfg = Release|x86
		{58757296-CAE2-45DF-AD0A-247ABE2ABC30}.AppStore|x86.Build.0 = Release|x86
		{58757296-CAE2-45DF-AD0A-247ABE2ABC30}.AppStore|x86.Deploy.0 = Release|x86
		{58757296-CAE2-45DF-AD0A-247ABE2ABC30}.Debug|Any CPU.ActiveCfg = Debug|x86
		{58757296-CAE2-45DF-AD0A-247ABE2ABC30}.Debug|Any CPU.Build.0 = Debug|x86
		{58757296-CAE2-45DF-AD0A-247ABE2ABC30}.Debug|Any CPU.Deploy.0 = Debug|x86
		{58757296-CAE2-45DF-AD0A-247ABE2ABC30}.Debug|ARM.ActiveCfg = Debug|ARM
		{58757296-CAE2-45DF-AD0A-247ABE2ABC30}.Debug|ARM.Build.0 = Debug|ARM
		{58757296-CAE2-45DF-AD0A-247ABE2ABC30}.Debug|ARM.Deploy.0 = Debug|ARM
		{58757296-CAE2-45DF-AD0A-247ABE2ABC30}.Debug|iPhone.ActiveCfg = Debug|x86
		{58757296-CAE2-45DF-AD0A-247ABE2ABC30}.Debug|iPhone.Build.0 = Debug|x86
		{58757296-CAE2-45DF-AD0A-247ABE2ABC30}.Debug|iPhone.Deploy.0 = Debug|x86
		{58757296-CAE2-45DF-AD0A-247ABE2ABC30}.Debug|iPhoneSimulator.ActiveCfg = Debug|x86
		{58757296-CAE2-45DF-AD0A-247ABE2ABC30}.Debug|iPhoneSimulator.Build.0 = Debug|x86
		{58757296-CAE2-45DF-AD0A-247ABE2ABC30}.Debug|iPhoneSimulator.Deploy.0 = Debug|x86
		{58757296-CAE2-45DF-AD0A-247ABE2ABC30}.Debug|x64.ActiveCfg = Debug|x64
		{58757296-CAE2-45DF-AD0A-247ABE2ABC30}.Debug|x64.Build.0 = Debug|x64
		{58757296-CAE2-45DF-AD0A-247ABE2ABC30}.Debug|x64.Deploy.0 = Debug|x64
		{58757296-CAE2-45DF-AD0A-247ABE2ABC30}.Debug|x86.ActiveCfg = Debug|x86
		{58757296-CAE2-45DF-AD0A-247ABE2ABC30}.Debug|x86.Build.0 = Debug|x86
		{58757296-CAE2-45DF-AD0A-247ABE2ABC30}.Debug|x86.Deploy.0 = Debug|x86
		{58757296-CAE2-45DF-AD0A-247ABE2ABC30}.Release|Any CPU.ActiveCfg = Release|x86
		{58757296-CAE2-45DF-AD0A-247ABE2ABC30}.Release|Any CPU.Build.0 = Release|x86
		{58757296-CAE2-45DF-AD0A-247ABE2ABC30}.Release|Any CPU.Deploy.0 = Release|x86
		{58757296-CAE2-45DF-AD0A-247ABE2ABC30}.Release|ARM.ActiveCfg = Release|ARM
		{58757296-CAE2-45DF-AD0A-247ABE2ABC30}.Release|ARM.Build.0 = Release|ARM
		{58757296-CAE2-45DF-AD0A-247ABE2ABC30}.Release|ARM.Deploy.0 = Release|ARM
		{58757296-CAE2-45DF-AD0A-247ABE2ABC30}.Release|iPhone.ActiveCfg = Release|x86
		{58757296-CAE2-45DF-AD0A-247ABE2ABC30}.Release|iPhone.Build.0 = Release|x86
		{58757296-CAE2-45DF-AD0A-247ABE2ABC30}.Release|iPhone.Deploy.0 = Release|x86
		{58757296-CAE2-45DF-AD0A-247ABE2ABC30}.Release|iPhoneSimulator.ActiveCfg = Release|x86
		{58757296-CAE2-45DF-AD0A-247ABE2ABC30}.Release|iPhoneSimulator.Build.0 = Release|x86
		{58757296-CAE2-45DF-AD0A-247ABE2ABC30}.Release|iPhoneSimulator.Deploy.0 = Release|x86
		{58757296-CAE2-45DF-AD0A-247ABE2ABC30}.Release|x64.ActiveCfg = Release|x64
		{58757296-CAE2-45DF-AD0A-247ABE2ABC30}.Release|x64.Build.0 = Release|x64
		{58757296-CAE2-45DF-AD0A-247ABE2ABC30}.Release|x64.Deploy.0 = Release|x64
		{58757296-CAE2-45DF-AD0A-247ABE2ABC30}.Release|x86.ActiveCfg = Release|x86
		{58757296-CAE2-45DF-AD0A-247ABE2ABC30}.Release|x86.Build.0 = Release|x86
		{58757296-CAE2-45DF-AD0A-247ABE2ABC30}.Release|x86.Deploy.0 = Release|x86
		{F51427EB-535F-4D3B-BA6F-D1C75F08AEDD}.Ad-Hoc|Any CPU.ActiveCfg = Debug|Any CPU
		{F51427EB-535F-4D3B-BA6F-D1C75F08AEDD}.Ad-Hoc|Any CPU.Build.0 = Debug|Any CPU
		{F51427EB-535F-4D3B-BA6F-D1C75F08AEDD}.Ad-Hoc|Any CPU.Deploy.0 = Debug|Any CPU
		{F51427EB-535F-4D3B-BA6F-D1C75F08AEDD}.Ad-Hoc|ARM.ActiveCfg = Debug|Any CPU
		{F51427EB-535F-4D3B-BA6F-D1C75F08AEDD}.Ad-Hoc|ARM.Build.0 = Debug|Any CPU
		{F51427EB-535F-4D3B-BA6F-D1C75F08AEDD}.Ad-Hoc|ARM.Deploy.0 = Debug|Any CPU
		{F51427EB-535F-4D3B-BA6F-D1C75F08AEDD}.Ad-Hoc|iPhone.ActiveCfg = Debug|Any CPU
		{F51427EB-535F-4D3B-BA6F-D1C75F08AEDD}.Ad-Hoc|iPhone.Build.0 = Debug|Any CPU
		{F51427EB-535F-4D3B-BA6F-D1C75F08AEDD}.Ad-Hoc|iPhone.Deploy.0 = Debug|Any CPU
		{F51427EB-535F-4D3B-BA6F-D1C75F08AEDD}.Ad-Hoc|iPhoneSimulator.ActiveCfg = Debug|Any CPU
		{F51427EB-535F-4D3B-BA6F-D1C75F08AEDD}.Ad-Hoc|iPhoneSimulator.Build.0 = Debug|Any CPU
		{F51427EB-535F-4D3B-BA6F-D1C75F08AEDD}.Ad-Hoc|iPhoneSimulator.Deploy.0 = Debug|Any CPU
		{F51427EB-535F-4D3B-BA6F-D1C75F08AEDD}.Ad-Hoc|x64.ActiveCfg = Debug|Any CPU
		{F51427EB-535F-4D3B-BA6F-D1C75F08AEDD}.Ad-Hoc|x64.Build.0 = Debug|Any CPU
		{F51427EB-535F-4D3B-BA6F-D1C75F08AEDD}.Ad-Hoc|x64.Deploy.0 = Debug|Any CPU
		{F51427EB-535F-4D3B-BA6F-D1C75F08AEDD}.Ad-Hoc|x86.ActiveCfg = Debug|Any CPU
		{F51427EB-535F-4D3B-BA6F-D1C75F08AEDD}.Ad-Hoc|x86.Build.0 = Debug|Any CPU
		{F51427EB-535F-4D3B-BA6F-D1C75F08AEDD}.Ad-Hoc|x86.Deploy.0 = Debug|Any CPU
		{F51427EB-535F-4D3B-BA6F-D1C75F08AEDD}.AppStore|Any CPU.ActiveCfg = Debug|Any CPU
		{F51427EB-535F-4D3B-BA6F-D1C75F08AEDD}.AppStore|Any CPU.Build.0 = Debug|Any CPU
		{F51427EB-535F-4D3B-BA6F-D1C75F08AEDD}.AppStore|Any CPU.Deploy.0 = Debug|Any CPU
		{F51427EB-535F-4D3B-BA6F-D1C75F08AEDD}.AppStore|ARM.ActiveCfg = Debug|Any CPU
		{F51427EB-535F-4D3B-BA6F-D1C75F08AEDD}.AppStore|ARM.Build.0 = Debug|Any CPU
		{F51427EB-535F-4D3B-BA6F-D1C75F08AEDD}.AppStore|ARM.Deploy.0 = Debug|Any CPU
		{F51427EB-535F-4D3B-BA6F-D1C75F08AEDD}.AppStore|iPhone.ActiveCfg = Debug|Any CPU
		{F51427EB-535F-4D3B-BA6F-D1C75F08AEDD}.AppStore|iPhone.Build.0 = Debug|Any CPU
		{F51427EB-535F-4D3B-BA6F-D1C75F08AEDD}.AppStore|iPhone.Deploy.0 = Debug|Any CPU
		{F51427EB-535F-4D3B-BA6F-D1C75F08AEDD}.AppStore|iPhoneSimulator.ActiveCfg = Debug|Any CPU
		{F51427EB-535F-4D3B-BA6F-D1C75F08AEDD}.AppStore|iPhoneSimulator.Build.0 = Debug|Any CPU
		{F51427EB-535F-4D3B-BA6F-D1C75F08AEDD}.AppStore|iPhoneSimulator.Deploy.0 = Debug|Any CPU
		{F51427EB-535F-4D3B-BA6F-D1C75F08AEDD}.AppStore|x64.ActiveCfg = Debug|Any CPU
		{F51427EB-535F-4D3B-BA6F-D1C75F08AEDD}.AppStore|x64.Build.0 = Debug|Any CPU
		{F51427EB-535F-4D3B-BA6F-D1C75F08AEDD}.AppStore|x64.Deploy.0 = Debug|Any CPU
		{F51427EB-535F-4D3B-BA6F-D1C75F08AEDD}.AppStore|x86.ActiveCfg = Debug|Any CPU
		{F51427EB-535F-4D3B-BA6F-D1C75F08AEDD}.AppStore|x86.Build.0 = Debug|Any CPU
		{F51427EB-535F-4D3B-BA6F-D1C75F08AEDD}.AppStore|x86.Deploy.0 = Debug|Any CPU
		{F51427EB-535F-4D3B-BA6F-D1C75F08AEDD}.Debug|Any CPU.ActiveCfg = Debug|Any CPU
		{F51427EB-535F-4D3B-BA6F-D1C75F08AEDD}.Debug|Any CPU.Build.0 = Debug|Any CPU
		{F51427EB-535F-4D3B-BA6F-D1C75F08AEDD}.Debug|Any CPU.Deploy.0 = Debug|Any CPU
		{F51427EB-535F-4D3B-BA6F-D1C75F08AEDD}.Debug|ARM.ActiveCfg = Debug|Any CPU
		{F51427EB-535F-4D3B-BA6F-D1C75F08AEDD}.Debug|ARM.Build.0 = Debug|Any CPU
		{F51427EB-535F-4D3B-BA6F-D1C75F08AEDD}.Debug|ARM.Deploy.0 = Debug|Any CPU
		{F51427EB-535F-4D3B-BA6F-D1C75F08AEDD}.Debug|iPhone.ActiveCfg = Debug|Any CPU
		{F51427EB-535F-4D3B-BA6F-D1C75F08AEDD}.Debug|iPhone.Build.0 = Debug|Any CPU
		{F51427EB-535F-4D3B-BA6F-D1C75F08AEDD}.Debug|iPhone.Deploy.0 = Debug|Any CPU
		{F51427EB-535F-4D3B-BA6F-D1C75F08AEDD}.Debug|iPhoneSimulator.ActiveCfg = Debug|Any CPU
		{F51427EB-535F-4D3B-BA6F-D1C75F08AEDD}.Debug|iPhoneSimulator.Build.0 = Debug|Any CPU
		{F51427EB-535F-4D3B-BA6F-D1C75F08AEDD}.Debug|iPhoneSimulator.Deploy.0 = Debug|Any CPU
		{F51427EB-535F-4D3B-BA6F-D1C75F08AEDD}.Debug|x64.ActiveCfg = Debug|Any CPU
		{F51427EB-535F-4D3B-BA6F-D1C75F08AEDD}.Debug|x64.Build.0 = Debug|Any CPU
		{F51427EB-535F-4D3B-BA6F-D1C75F08AEDD}.Debug|x64.Deploy.0 = Debug|Any CPU
		{F51427EB-535F-4D3B-BA6F-D1C75F08AEDD}.Debug|x86.ActiveCfg = Debug|Any CPU
		{F51427EB-535F-4D3B-BA6F-D1C75F08AEDD}.Debug|x86.Build.0 = Debug|Any CPU
		{F51427EB-535F-4D3B-BA6F-D1C75F08AEDD}.Debug|x86.Deploy.0 = Debug|Any CPU
		{F51427EB-535F-4D3B-BA6F-D1C75F08AEDD}.Release|Any CPU.ActiveCfg = Release|Any CPU
		{F51427EB-535F-4D3B-BA6F-D1C75F08AEDD}.Release|Any CPU.Build.0 = Release|Any CPU
		{F51427EB-535F-4D3B-BA6F-D1C75F08AEDD}.Release|Any CPU.Deploy.0 = Release|Any CPU
		{F51427EB-535F-4D3B-BA6F-D1C75F08AEDD}.Release|ARM.ActiveCfg = Release|Any CPU
		{F51427EB-535F-4D3B-BA6F-D1C75F08AEDD}.Release|ARM.Build.0 = Release|Any CPU
		{F51427EB-535F-4D3B-BA6F-D1C75F08AEDD}.Release|ARM.Deploy.0 = Release|Any CPU
		{F51427EB-535F-4D3B-BA6F-D1C75F08AEDD}.Release|iPhone.ActiveCfg = Release|Any CPU
		{F51427EB-535F-4D3B-BA6F-D1C75F08AEDD}.Release|iPhone.Build.0 = Release|Any CPU
		{F51427EB-535F-4D3B-BA6F-D1C75F08AEDD}.Release|iPhone.Deploy.0 = Release|Any CPU
		{F51427EB-535F-4D3B-BA6F-D1C75F08AEDD}.Release|iPhoneSimulator.ActiveCfg = Release|Any CPU
		{F51427EB-535F-4D3B-BA6F-D1C75F08AEDD}.Release|iPhoneSimulator.Build.0 = Release|Any CPU
		{F51427EB-535F-4D3B-BA6F-D1C75F08AEDD}.Release|iPhoneSimulator.Deploy.0 = Release|Any CPU
		{F51427EB-535F-4D3B-BA6F-D1C75F08AEDD}.Release|x64.ActiveCfg = Release|Any CPU
		{F51427EB-535F-4D3B-BA6F-D1C75F08AEDD}.Release|x64.Build.0 = Release|Any CPU
		{F51427EB-535F-4D3B-BA6F-D1C75F08AEDD}.Release|x64.Deploy.0 = Release|Any CPU
		{F51427EB-535F-4D3B-BA6F-D1C75F08AEDD}.Release|x86.ActiveCfg = Release|Any CPU
		{F51427EB-535F-4D3B-BA6F-D1C75F08AEDD}.Release|x86.Build.0 = Release|Any CPU
		{F51427EB-535F-4D3B-BA6F-D1C75F08AEDD}.Release|x86.Deploy.0 = Release|Any CPU
		{BB97C809-1FAF-4379-9CC6-3E2B42E257BF}.Ad-Hoc|Any CPU.ActiveCfg = Release|Any CPU
		{BB97C809-1FAF-4379-9CC6-3E2B42E257BF}.Ad-Hoc|Any CPU.Build.0 = Release|Any CPU
		{BB97C809-1FAF-4379-9CC6-3E2B42E257BF}.Ad-Hoc|ARM.ActiveCfg = Release|Any CPU
		{BB97C809-1FAF-4379-9CC6-3E2B42E257BF}.Ad-Hoc|ARM.Build.0 = Release|Any CPU
		{BB97C809-1FAF-4379-9CC6-3E2B42E257BF}.Ad-Hoc|iPhone.ActiveCfg = Release|Any CPU
		{BB97C809-1FAF-4379-9CC6-3E2B42E257BF}.Ad-Hoc|iPhone.Build.0 = Release|Any CPU
		{BB97C809-1FAF-4379-9CC6-3E2B42E257BF}.Ad-Hoc|iPhoneSimulator.ActiveCfg = Release|Any CPU
		{BB97C809-1FAF-4379-9CC6-3E2B42E257BF}.Ad-Hoc|iPhoneSimulator.Build.0 = Release|Any CPU
		{BB97C809-1FAF-4379-9CC6-3E2B42E257BF}.Ad-Hoc|x64.ActiveCfg = Release|Any CPU
		{BB97C809-1FAF-4379-9CC6-3E2B42E257BF}.Ad-Hoc|x64.Build.0 = Release|Any CPU
		{BB97C809-1FAF-4379-9CC6-3E2B42E257BF}.Ad-Hoc|x86.ActiveCfg = Release|Any CPU
		{BB97C809-1FAF-4379-9CC6-3E2B42E257BF}.Ad-Hoc|x86.Build.0 = Release|Any CPU
		{BB97C809-1FAF-4379-9CC6-3E2B42E257BF}.AppStore|Any CPU.ActiveCfg = Release|Any CPU
		{BB97C809-1FAF-4379-9CC6-3E2B42E257BF}.AppStore|Any CPU.Build.0 = Release|Any CPU
		{BB97C809-1FAF-4379-9CC6-3E2B42E257BF}.AppStore|ARM.ActiveCfg = Release|Any CPU
		{BB97C809-1FAF-4379-9CC6-3E2B42E257BF}.AppStore|ARM.Build.0 = Release|Any CPU
		{BB97C809-1FAF-4379-9CC6-3E2B42E257BF}.AppStore|iPhone.ActiveCfg = Release|Any CPU
		{BB97C809-1FAF-4379-9CC6-3E2B42E257BF}.AppStore|iPhone.Build.0 = Release|Any CPU
		{BB97C809-1FAF-4379-9CC6-3E2B42E257BF}.AppStore|iPhoneSimulator.ActiveCfg = Release|Any CPU
		{BB97C809-1FAF-4379-9CC6-3E2B42E257BF}.AppStore|iPhoneSimulator.Build.0 = Release|Any CPU
		{BB97C809-1FAF-4379-9CC6-3E2B42E257BF}.AppStore|x64.ActiveCfg = Release|Any CPU
		{BB97C809-1FAF-4379-9CC6-3E2B42E257BF}.AppStore|x64.Build.0 = Release|Any CPU
		{BB97C809-1FAF-4379-9CC6-3E2B42E257BF}.AppStore|x86.ActiveCfg = Release|Any CPU
		{BB97C809-1FAF-4379-9CC6-3E2B42E257BF}.AppStore|x86.Build.0 = Release|Any CPU
		{BB97C809-1FAF-4379-9CC6-3E2B42E257BF}.Debug|Any CPU.ActiveCfg = Debug|Any CPU
		{BB97C809-1FAF-4379-9CC6-3E2B42E257BF}.Debug|Any CPU.Build.0 = Debug|Any CPU
		{BB97C809-1FAF-4379-9CC6-3E2B42E257BF}.Debug|ARM.ActiveCfg = Debug|Any CPU
		{BB97C809-1FAF-4379-9CC6-3E2B42E257BF}.Debug|ARM.Build.0 = Debug|Any CPU
		{BB97C809-1FAF-4379-9CC6-3E2B42E257BF}.Debug|iPhone.ActiveCfg = Debug|Any CPU
		{BB97C809-1FAF-4379-9CC6-3E2B42E257BF}.Debug|iPhone.Build.0 = Debug|Any CPU
		{BB97C809-1FAF-4379-9CC6-3E2B42E257BF}.Debug|iPhoneSimulator.ActiveCfg = Debug|Any CPU
		{BB97C809-1FAF-4379-9CC6-3E2B42E257BF}.Debug|iPhoneSimulator.Build.0 = Debug|Any CPU
		{BB97C809-1FAF-4379-9CC6-3E2B42E257BF}.Debug|x64.ActiveCfg = Debug|Any CPU
		{BB97C809-1FAF-4379-9CC6-3E2B42E257BF}.Debug|x64.Build.0 = Debug|Any CPU
		{BB97C809-1FAF-4379-9CC6-3E2B42E257BF}.Debug|x86.ActiveCfg = Debug|Any CPU
		{BB97C809-1FAF-4379-9CC6-3E2B42E257BF}.Debug|x86.Build.0 = Debug|Any CPU
		{BB97C809-1FAF-4379-9CC6-3E2B42E257BF}.Release|Any CPU.ActiveCfg = Release|Any CPU
		{BB97C809-1FAF-4379-9CC6-3E2B42E257BF}.Release|Any CPU.Build.0 = Release|Any CPU
		{BB97C809-1FAF-4379-9CC6-3E2B42E257BF}.Release|ARM.ActiveCfg = Release|Any CPU
		{BB97C809-1FAF-4379-9CC6-3E2B42E257BF}.Release|ARM.Build.0 = Release|Any CPU
		{BB97C809-1FAF-4379-9CC6-3E2B42E257BF}.Release|iPhone.ActiveCfg = Release|Any CPU
		{BB97C809-1FAF-4379-9CC6-3E2B42E257BF}.Release|iPhone.Build.0 = Release|Any CPU
		{BB97C809-1FAF-4379-9CC6-3E2B42E257BF}.Release|iPhoneSimulator.ActiveCfg = Release|Any CPU
		{BB97C809-1FAF-4379-9CC6-3E2B42E257BF}.Release|iPhoneSimulator.Build.0 = Release|Any CPU
		{BB97C809-1FAF-4379-9CC6-3E2B42E257BF}.Release|x64.ActiveCfg = Release|Any CPU
		{BB97C809-1FAF-4379-9CC6-3E2B42E257BF}.Release|x64.Build.0 = Release|Any CPU
		{BB97C809-1FAF-4379-9CC6-3E2B42E257BF}.Release|x86.ActiveCfg = Release|Any CPU
		{BB97C809-1FAF-4379-9CC6-3E2B42E257BF}.Release|x86.Build.0 = Release|Any CPU
		{44CFA755-B695-4470-B0F9-F1DC0EBC31BB}.Ad-Hoc|Any CPU.ActiveCfg = Release|Any CPU
		{44CFA755-B695-4470-B0F9-F1DC0EBC31BB}.Ad-Hoc|Any CPU.Build.0 = Release|Any CPU
		{44CFA755-B695-4470-B0F9-F1DC0EBC31BB}.Ad-Hoc|ARM.ActiveCfg = Release|Any CPU
		{44CFA755-B695-4470-B0F9-F1DC0EBC31BB}.Ad-Hoc|ARM.Build.0 = Release|Any CPU
		{44CFA755-B695-4470-B0F9-F1DC0EBC31BB}.Ad-Hoc|iPhone.ActiveCfg = Release|Any CPU
		{44CFA755-B695-4470-B0F9-F1DC0EBC31BB}.Ad-Hoc|iPhone.Build.0 = Release|Any CPU
		{44CFA755-B695-4470-B0F9-F1DC0EBC31BB}.Ad-Hoc|iPhoneSimulator.ActiveCfg = Release|Any CPU
		{44CFA755-B695-4470-B0F9-F1DC0EBC31BB}.Ad-Hoc|iPhoneSimulator.Build.0 = Release|Any CPU
		{44CFA755-B695-4470-B0F9-F1DC0EBC31BB}.Ad-Hoc|x64.ActiveCfg = Release|Any CPU
		{44CFA755-B695-4470-B0F9-F1DC0EBC31BB}.Ad-Hoc|x64.Build.0 = Release|Any CPU
		{44CFA755-B695-4470-B0F9-F1DC0EBC31BB}.Ad-Hoc|x86.ActiveCfg = Release|Any CPU
		{44CFA755-B695-4470-B0F9-F1DC0EBC31BB}.Ad-Hoc|x86.Build.0 = Release|Any CPU
		{44CFA755-B695-4470-B0F9-F1DC0EBC31BB}.AppStore|Any CPU.ActiveCfg = Release|Any CPU
		{44CFA755-B695-4470-B0F9-F1DC0EBC31BB}.AppStore|Any CPU.Build.0 = Release|Any CPU
		{44CFA755-B695-4470-B0F9-F1DC0EBC31BB}.AppStore|ARM.ActiveCfg = Release|Any CPU
		{44CFA755-B695-4470-B0F9-F1DC0EBC31BB}.AppStore|ARM.Build.0 = Release|Any CPU
		{44CFA755-B695-4470-B0F9-F1DC0EBC31BB}.AppStore|iPhone.ActiveCfg = Release|Any CPU
		{44CFA755-B695-4470-B0F9-F1DC0EBC31BB}.AppStore|iPhone.Build.0 = Release|Any CPU
		{44CFA755-B695-4470-B0F9-F1DC0EBC31BB}.AppStore|iPhoneSimulator.ActiveCfg = Release|Any CPU
		{44CFA755-B695-4470-B0F9-F1DC0EBC31BB}.AppStore|iPhoneSimulator.Build.0 = Release|Any CPU
		{44CFA755-B695-4470-B0F9-F1DC0EBC31BB}.AppStore|x64.ActiveCfg = Release|Any CPU
		{44CFA755-B695-4470-B0F9-F1DC0EBC31BB}.AppStore|x64.Build.0 = Release|Any CPU
		{44CFA755-B695-4470-B0F9-F1DC0EBC31BB}.AppStore|x86.ActiveCfg = Release|Any CPU
		{44CFA755-B695-4470-B0F9-F1DC0EBC31BB}.AppStore|x86.Build.0 = Release|Any CPU
		{44CFA755-B695-4470-B0F9-F1DC0EBC31BB}.Debug|Any CPU.ActiveCfg = Debug|Any CPU
		{44CFA755-B695-4470-B0F9-F1DC0EBC31BB}.Debug|Any CPU.Build.0 = Debug|Any CPU
		{44CFA755-B695-4470-B0F9-F1DC0EBC31BB}.Debug|ARM.ActiveCfg = Debug|Any CPU
		{44CFA755-B695-4470-B0F9-F1DC0EBC31BB}.Debug|ARM.Build.0 = Debug|Any CPU
		{44CFA755-B695-4470-B0F9-F1DC0EBC31BB}.Debug|iPhone.ActiveCfg = Debug|Any CPU
		{44CFA755-B695-4470-B0F9-F1DC0EBC31BB}.Debug|iPhone.Build.0 = Debug|Any CPU
		{44CFA755-B695-4470-B0F9-F1DC0EBC31BB}.Debug|iPhoneSimulator.ActiveCfg = Debug|Any CPU
		{44CFA755-B695-4470-B0F9-F1DC0EBC31BB}.Debug|iPhoneSimulator.Build.0 = Debug|Any CPU
		{44CFA755-B695-4470-B0F9-F1DC0EBC31BB}.Debug|x64.ActiveCfg = Debug|Any CPU
		{44CFA755-B695-4470-B0F9-F1DC0EBC31BB}.Debug|x64.Build.0 = Debug|Any CPU
		{44CFA755-B695-4470-B0F9-F1DC0EBC31BB}.Debug|x86.ActiveCfg = Debug|Any CPU
		{44CFA755-B695-4470-B0F9-F1DC0EBC31BB}.Debug|x86.Build.0 = Debug|Any CPU
		{44CFA755-B695-4470-B0F9-F1DC0EBC31BB}.Release|Any CPU.ActiveCfg = Release|Any CPU
		{44CFA755-B695-4470-B0F9-F1DC0EBC31BB}.Release|Any CPU.Build.0 = Release|Any CPU
		{44CFA755-B695-4470-B0F9-F1DC0EBC31BB}.Release|ARM.ActiveCfg = Release|Any CPU
		{44CFA755-B695-4470-B0F9-F1DC0EBC31BB}.Release|ARM.Build.0 = Release|Any CPU
		{44CFA755-B695-4470-B0F9-F1DC0EBC31BB}.Release|iPhone.ActiveCfg = Release|Any CPU
		{44CFA755-B695-4470-B0F9-F1DC0EBC31BB}.Release|iPhone.Build.0 = Release|Any CPU
		{44CFA755-B695-4470-B0F9-F1DC0EBC31BB}.Release|iPhoneSimulator.ActiveCfg = Release|Any CPU
		{44CFA755-B695-4470-B0F9-F1DC0EBC31BB}.Release|iPhoneSimulator.Build.0 = Release|Any CPU
		{44CFA755-B695-4470-B0F9-F1DC0EBC31BB}.Release|x64.ActiveCfg = Release|Any CPU
		{44CFA755-B695-4470-B0F9-F1DC0EBC31BB}.Release|x64.Build.0 = Release|Any CPU
		{44CFA755-B695-4470-B0F9-F1DC0EBC31BB}.Release|x86.ActiveCfg = Release|Any CPU
		{44CFA755-B695-4470-B0F9-F1DC0EBC31BB}.Release|x86.Build.0 = Release|Any CPU
		{F3C2C03C-CC56-42FD-BD3E-B705BC5C3AE5}.Ad-Hoc|Any CPU.ActiveCfg = Release|Any CPU
		{F3C2C03C-CC56-42FD-BD3E-B705BC5C3AE5}.Ad-Hoc|Any CPU.Build.0 = Release|Any CPU
		{F3C2C03C-CC56-42FD-BD3E-B705BC5C3AE5}.Ad-Hoc|ARM.ActiveCfg = Release|Any CPU
		{F3C2C03C-CC56-42FD-BD3E-B705BC5C3AE5}.Ad-Hoc|ARM.Build.0 = Release|Any CPU
		{F3C2C03C-CC56-42FD-BD3E-B705BC5C3AE5}.Ad-Hoc|iPhone.ActiveCfg = Release|Any CPU
		{F3C2C03C-CC56-42FD-BD3E-B705BC5C3AE5}.Ad-Hoc|iPhone.Build.0 = Release|Any CPU
		{F3C2C03C-CC56-42FD-BD3E-B705BC5C3AE5}.Ad-Hoc|iPhoneSimulator.ActiveCfg = Release|Any CPU
		{F3C2C03C-CC56-42FD-BD3E-B705BC5C3AE5}.Ad-Hoc|iPhoneSimulator.Build.0 = Release|Any CPU
		{F3C2C03C-CC56-42FD-BD3E-B705BC5C3AE5}.Ad-Hoc|x64.ActiveCfg = Release|Any CPU
		{F3C2C03C-CC56-42FD-BD3E-B705BC5C3AE5}.Ad-Hoc|x64.Build.0 = Release|Any CPU
		{F3C2C03C-CC56-42FD-BD3E-B705BC5C3AE5}.Ad-Hoc|x86.ActiveCfg = Release|Any CPU
		{F3C2C03C-CC56-42FD-BD3E-B705BC5C3AE5}.Ad-Hoc|x86.Build.0 = Release|Any CPU
		{F3C2C03C-CC56-42FD-BD3E-B705BC5C3AE5}.AppStore|Any CPU.ActiveCfg = Release|Any CPU
		{F3C2C03C-CC56-42FD-BD3E-B705BC5C3AE5}.AppStore|Any CPU.Build.0 = Release|Any CPU
		{F3C2C03C-CC56-42FD-BD3E-B705BC5C3AE5}.AppStore|ARM.ActiveCfg = Release|Any CPU
		{F3C2C03C-CC56-42FD-BD3E-B705BC5C3AE5}.AppStore|ARM.Build.0 = Release|Any CPU
		{F3C2C03C-CC56-42FD-BD3E-B705BC5C3AE5}.AppStore|iPhone.ActiveCfg = Release|Any CPU
		{F3C2C03C-CC56-42FD-BD3E-B705BC5C3AE5}.AppStore|iPhone.Build.0 = Release|Any CPU
		{F3C2C03C-CC56-42FD-BD3E-B705BC5C3AE5}.AppStore|iPhoneSimulator.ActiveCfg = Release|Any CPU
		{F3C2C03C-CC56-42FD-BD3E-B705BC5C3AE5}.AppStore|iPhoneSimulator.Build.0 = Release|Any CPU
		{F3C2C03C-CC56-42FD-BD3E-B705BC5C3AE5}.AppStore|x64.ActiveCfg = Release|Any CPU
		{F3C2C03C-CC56-42FD-BD3E-B705BC5C3AE5}.AppStore|x64.Build.0 = Release|Any CPU
		{F3C2C03C-CC56-42FD-BD3E-B705BC5C3AE5}.AppStore|x86.ActiveCfg = Release|Any CPU
		{F3C2C03C-CC56-42FD-BD3E-B705BC5C3AE5}.AppStore|x86.Build.0 = Release|Any CPU
		{F3C2C03C-CC56-42FD-BD3E-B705BC5C3AE5}.Debug|Any CPU.ActiveCfg = Debug|Any CPU
		{F3C2C03C-CC56-42FD-BD3E-B705BC5C3AE5}.Debug|Any CPU.Build.0 = Debug|Any CPU
		{F3C2C03C-CC56-42FD-BD3E-B705BC5C3AE5}.Debug|ARM.ActiveCfg = Debug|Any CPU
		{F3C2C03C-CC56-42FD-BD3E-B705BC5C3AE5}.Debug|ARM.Build.0 = Debug|Any CPU
		{F3C2C03C-CC56-42FD-BD3E-B705BC5C3AE5}.Debug|iPhone.ActiveCfg = Debug|Any CPU
		{F3C2C03C-CC56-42FD-BD3E-B705BC5C3AE5}.Debug|iPhone.Build.0 = Debug|Any CPU
		{F3C2C03C-CC56-42FD-BD3E-B705BC5C3AE5}.Debug|iPhoneSimulator.ActiveCfg = Debug|Any CPU
		{F3C2C03C-CC56-42FD-BD3E-B705BC5C3AE5}.Debug|iPhoneSimulator.Build.0 = Debug|Any CPU
		{F3C2C03C-CC56-42FD-BD3E-B705BC5C3AE5}.Debug|x64.ActiveCfg = Debug|Any CPU
		{F3C2C03C-CC56-42FD-BD3E-B705BC5C3AE5}.Debug|x64.Build.0 = Debug|Any CPU
		{F3C2C03C-CC56-42FD-BD3E-B705BC5C3AE5}.Debug|x86.ActiveCfg = Debug|Any CPU
		{F3C2C03C-CC56-42FD-BD3E-B705BC5C3AE5}.Debug|x86.Build.0 = Debug|Any CPU
		{F3C2C03C-CC56-42FD-BD3E-B705BC5C3AE5}.Release|Any CPU.ActiveCfg = Release|Any CPU
		{F3C2C03C-CC56-42FD-BD3E-B705BC5C3AE5}.Release|Any CPU.Build.0 = Release|Any CPU
		{F3C2C03C-CC56-42FD-BD3E-B705BC5C3AE5}.Release|ARM.ActiveCfg = Release|Any CPU
		{F3C2C03C-CC56-42FD-BD3E-B705BC5C3AE5}.Release|ARM.Build.0 = Release|Any CPU
		{F3C2C03C-CC56-42FD-BD3E-B705BC5C3AE5}.Release|iPhone.ActiveCfg = Release|Any CPU
		{F3C2C03C-CC56-42FD-BD3E-B705BC5C3AE5}.Release|iPhone.Build.0 = Release|Any CPU
		{F3C2C03C-CC56-42FD-BD3E-B705BC5C3AE5}.Release|iPhoneSimulator.ActiveCfg = Release|Any CPU
		{F3C2C03C-CC56-42FD-BD3E-B705BC5C3AE5}.Release|iPhoneSimulator.Build.0 = Release|Any CPU
		{F3C2C03C-CC56-42FD-BD3E-B705BC5C3AE5}.Release|x64.ActiveCfg = Release|Any CPU
		{F3C2C03C-CC56-42FD-BD3E-B705BC5C3AE5}.Release|x64.Build.0 = Release|Any CPU
		{F3C2C03C-CC56-42FD-BD3E-B705BC5C3AE5}.Release|x86.ActiveCfg = Release|Any CPU
		{F3C2C03C-CC56-42FD-BD3E-B705BC5C3AE5}.Release|x86.Build.0 = Release|Any CPU
		{E9051492-9282-46ED-838E-0E3604D56A42}.Ad-Hoc|Any CPU.ActiveCfg = Release|Any CPU
		{E9051492-9282-46ED-838E-0E3604D56A42}.Ad-Hoc|Any CPU.Build.0 = Release|Any CPU
		{E9051492-9282-46ED-838E-0E3604D56A42}.Ad-Hoc|ARM.ActiveCfg = Release|Any CPU
		{E9051492-9282-46ED-838E-0E3604D56A42}.Ad-Hoc|ARM.Build.0 = Release|Any CPU
		{E9051492-9282-46ED-838E-0E3604D56A42}.Ad-Hoc|iPhone.ActiveCfg = Release|Any CPU
		{E9051492-9282-46ED-838E-0E3604D56A42}.Ad-Hoc|iPhone.Build.0 = Release|Any CPU
		{E9051492-9282-46ED-838E-0E3604D56A42}.Ad-Hoc|iPhoneSimulator.ActiveCfg = Release|Any CPU
		{E9051492-9282-46ED-838E-0E3604D56A42}.Ad-Hoc|iPhoneSimulator.Build.0 = Release|Any CPU
		{E9051492-9282-46ED-838E-0E3604D56A42}.Ad-Hoc|x64.ActiveCfg = Release|Any CPU
		{E9051492-9282-46ED-838E-0E3604D56A42}.Ad-Hoc|x64.Build.0 = Release|Any CPU
		{E9051492-9282-46ED-838E-0E3604D56A42}.Ad-Hoc|x86.ActiveCfg = Release|Any CPU
		{E9051492-9282-46ED-838E-0E3604D56A42}.Ad-Hoc|x86.Build.0 = Release|Any CPU
		{E9051492-9282-46ED-838E-0E3604D56A42}.AppStore|Any CPU.ActiveCfg = Release|Any CPU
		{E9051492-9282-46ED-838E-0E3604D56A42}.AppStore|Any CPU.Build.0 = Release|Any CPU
		{E9051492-9282-46ED-838E-0E3604D56A42}.AppStore|ARM.ActiveCfg = Release|Any CPU
		{E9051492-9282-46ED-838E-0E3604D56A42}.AppStore|ARM.Build.0 = Release|Any CPU
		{E9051492-9282-46ED-838E-0E3604D56A42}.AppStore|iPhone.ActiveCfg = Release|Any CPU
		{E9051492-9282-46ED-838E-0E3604D56A42}.AppStore|iPhone.Build.0 = Release|Any CPU
		{E9051492-9282-46ED-838E-0E3604D56A42}.AppStore|iPhoneSimulator.ActiveCfg = Release|Any CPU
		{E9051492-9282-46ED-838E-0E3604D56A42}.AppStore|iPhoneSimulator.Build.0 = Release|Any CPU
		{E9051492-9282-46ED-838E-0E3604D56A42}.AppStore|x64.ActiveCfg = Release|Any CPU
		{E9051492-9282-46ED-838E-0E3604D56A42}.AppStore|x64.Build.0 = Release|Any CPU
		{E9051492-9282-46ED-838E-0E3604D56A42}.AppStore|x86.ActiveCfg = Release|Any CPU
		{E9051492-9282-46ED-838E-0E3604D56A42}.AppStore|x86.Build.0 = Release|Any CPU
		{E9051492-9282-46ED-838E-0E3604D56A42}.Debug|Any CPU.ActiveCfg = Debug|Any CPU
		{E9051492-9282-46ED-838E-0E3604D56A42}.Debug|Any CPU.Build.0 = Debug|Any CPU
		{E9051492-9282-46ED-838E-0E3604D56A42}.Debug|ARM.ActiveCfg = Debug|Any CPU
		{E9051492-9282-46ED-838E-0E3604D56A42}.Debug|ARM.Build.0 = Debug|Any CPU
		{E9051492-9282-46ED-838E-0E3604D56A42}.Debug|iPhone.ActiveCfg = Debug|Any CPU
		{E9051492-9282-46ED-838E-0E3604D56A42}.Debug|iPhone.Build.0 = Debug|Any CPU
		{E9051492-9282-46ED-838E-0E3604D56A42}.Debug|iPhoneSimulator.ActiveCfg = Debug|Any CPU
		{E9051492-9282-46ED-838E-0E3604D56A42}.Debug|iPhoneSimulator.Build.0 = Debug|Any CPU
		{E9051492-9282-46ED-838E-0E3604D56A42}.Debug|x64.ActiveCfg = Debug|Any CPU
		{E9051492-9282-46ED-838E-0E3604D56A42}.Debug|x64.Build.0 = Debug|Any CPU
		{E9051492-9282-46ED-838E-0E3604D56A42}.Debug|x86.ActiveCfg = Debug|Any CPU
		{E9051492-9282-46ED-838E-0E3604D56A42}.Debug|x86.Build.0 = Debug|Any CPU
		{E9051492-9282-46ED-838E-0E3604D56A42}.Release|Any CPU.ActiveCfg = Release|Any CPU
		{E9051492-9282-46ED-838E-0E3604D56A42}.Release|Any CPU.Build.0 = Release|Any CPU
		{E9051492-9282-46ED-838E-0E3604D56A42}.Release|ARM.ActiveCfg = Release|Any CPU
		{E9051492-9282-46ED-838E-0E3604D56A42}.Release|ARM.Build.0 = Release|Any CPU
		{E9051492-9282-46ED-838E-0E3604D56A42}.Release|iPhone.ActiveCfg = Release|Any CPU
		{E9051492-9282-46ED-838E-0E3604D56A42}.Release|iPhone.Build.0 = Release|Any CPU
		{E9051492-9282-46ED-838E-0E3604D56A42}.Release|iPhoneSimulator.ActiveCfg = Release|Any CPU
		{E9051492-9282-46ED-838E-0E3604D56A42}.Release|iPhoneSimulator.Build.0 = Release|Any CPU
		{E9051492-9282-46ED-838E-0E3604D56A42}.Release|x64.ActiveCfg = Release|Any CPU
		{E9051492-9282-46ED-838E-0E3604D56A42}.Release|x64.Build.0 = Release|Any CPU
		{E9051492-9282-46ED-838E-0E3604D56A42}.Release|x86.ActiveCfg = Release|Any CPU
		{E9051492-9282-46ED-838E-0E3604D56A42}.Release|x86.Build.0 = Release|Any CPU
	EndGlobalSection
	GlobalSection(SolutionProperties) = preSolution
		HideSolutionNode = FALSE
	EndGlobalSection
	GlobalSection(ExtensibilityGlobals) = postSolution
		SolutionGuid = {50CD2A4B-7967-404D-BB73-5F61146DF050}
	EndGlobalSection
EndGlobal
